Microsoft Visual Studio Solution File, Format Version 11.00
# Visual Studio 2008

Project("{00A5B8AB-545B-0E50-4432-99876A1D38A0}") = "TravelCar", "Assembly-CSharp.csproj", "{489C6EAA-4933-4D16-9303-463A2901E5E9}"
EndProject
Global
	GlobalSection(SolutionConfigurationPlatforms) = preSolution
		Debug|Any CPU = Debug|Any CPU
		Release|Any CPU = Release|Any CPU
	EndGlobalSection
	GlobalSection(ProjectConfigurationPlatforms) = postSolution
		{489C6EAA-4933-4D16-9303-463A2901E5E9}.Debug|Any CPU.ActiveCfg = Debug|Any CPU
		{489C6EAA-4933-4D16-9303-463A2901E5E9}.Debug|Any CPU.Build.0 = Debug|Any CPU
		{489C6EAA-4933-4D16-9303-463A2901E5E9}.Release|Any CPU.ActiveCfg = Release|Any CPU
		{489C6EAA-4933-4D16-9303-463A2901E5E9}.Release|Any CPU.Build.0 = Release|Any CPU
	EndGlobalSection
	GlobalSection(SolutionProperties) = preSolution
		HideSolutionNode = FALSE
	EndGlobalSection
	GlobalSection(MonoDevelopProperties) = preSolution
		StartupItem = Assembly-CSharp.csproj
	EndGlobalSection
EndGlobal
