Microsoft Visual Studio Solution File, Format Version 11.00
# Visual Studio 2008

Project("{597CD6D0-E48C-CDE7-B038-619F65F07D02}") = "camuna", "Assembly-CSharp.csproj", "{0EE84B33-F5AB-20B6-EE70-42DAEF8DF3B6}"
EndProject
Global
	GlobalSection(SolutionConfigurationPlatforms) = preSolution
		Debug|Any CPU = Debug|Any CPU
		Release|Any CPU = Release|Any CPU
	EndGlobalSection
	GlobalSection(ProjectConfigurationPlatforms) = postSolution
		{0EE84B33-F5AB-20B6-EE70-42DAEF8DF3B6}.Debug|Any CPU.ActiveCfg = Debug|Any CPU
		{0EE84B33-F5AB-20B6-EE70-42DAEF8DF3B6}.Debug|Any CPU.Build.0 = Debug|Any CPU
		{0EE84B33-F5AB-20B6-EE70-42DAEF8DF3B6}.Release|Any CPU.ActiveCfg = Release|Any CPU
		{0EE84B33-F5AB-20B6-EE70-42DAEF8DF3B6}.Release|Any CPU.Build.0 = Release|Any CPU
	EndGlobalSection
	GlobalSection(SolutionProperties) = preSolution
		HideSolutionNode = FALSE
	EndGlobalSection
	GlobalSection(MonoDevelopProperties) = preSolution
		StartupItem = Assembly-CSharp.csproj
	EndGlobalSection
EndGlobal
